
Microsoft Visual Studio Solution File, Format Version 12.00
# Visual Studio 15
VisualStudioVersion = 15.0.27703.2035
MinimumVisualStudioVersion = 10.0.40219.1
Project("{888888A0-9F3D-457C-B088-3A5042F75D52}") = "P9LPython1", "P9LPython1\P9LPython1.pyproj", "{E1251053-B8D1-4A6A-8F03-75C71EB18F7A}"
EndProject
Global
	GlobalSection(SolutionConfigurationPlatforms) = preSolution
		Debug|Any CPU = Debug|Any CPU
		Release|Any CPU = Release|Any CPU
	EndGlobalSection
	GlobalSection(ProjectConfigurationPlatforms) = postSolution
		{E1251053-B8D1-4A6A-8F03-75C71EB18F7A}.Debug|Any CPU.ActiveCfg = Debug|Any CPU
		{E1251053-B8D1-4A6A-8F03-75C71EB18F7A}.Release|Any CPU.ActiveCfg = Release|Any CPU
	EndGlobalSection
	GlobalSection(SolutionProperties) = preSolution
		HideSolutionNode = FALSE
	EndGlobalSection
	GlobalSection(ExtensibilityGlobals) = postSolution
		SolutionGuid = {13CA3F93-A5AF-477B-8FDB-750BEEF2220B}
	EndGlobalSection
EndGlobal
